
Microsoft Visual Studio Solution File, Format Version 12.00
# Visual Studio Version 17
VisualStudioVersion = 17.11.35208.52
MinimumVisualStudioVersion = 10.0.40219.1
Project("{9A19103F-16F7-4668-BE54-9A1E7A4F7556}") = "SleekFlowTodo.Server", "SleekFlowTodo.Server\SleekFlowTodo.Server.csproj", "{C78CF983-F5C8-482C-B038-F6F40034E8AA}"
EndProject
Project("{54A90642-561A-4BB1-A94E-469ADEE60C69}") = "sleekflowtodo.client", "sleekflowtodo.client\sleekflowtodo.client.esproj", "{E36F1050-FA2B-4D96-9B84-BCD855DCAB94}"
EndProject
Project("{E53339B2-1760-4266-BCC7-CA923CBCF16C}") = "docker-compose", "docker-compose.dcproj", "{363BBA74-C4A7-40B8-A830-A363110CC875}"
EndProject
Global
	GlobalSection(SolutionConfigurationPlatforms) = preSolution
		Debug|Any CPU = Debug|Any CPU
		Release|Any CPU = Release|Any CPU
	EndGlobalSection
	GlobalSection(ProjectConfigurationPlatforms) = postSolution
		{C78CF983-F5C8-482C-B038-F6F40034E8AA}.Debug|Any CPU.ActiveCfg = Debug|Any CPU
		{C78CF983-F5C8-482C-B038-F6F40034E8AA}.Debug|Any CPU.Build.0 = Debug|Any CPU
		{C78CF983-F5C8-482C-B038-F6F40034E8AA}.Release|Any CPU.ActiveCfg = Release|Any CPU
		{C78CF983-F5C8-482C-B038-F6F40034E8AA}.Release|Any CPU.Build.0 = Release|Any CPU
		{E36F1050-FA2B-4D96-9B84-BCD855DCAB94}.Debug|Any CPU.ActiveCfg = Debug|Any CPU
		{E36F1050-FA2B-4D96-9B84-BCD855DCAB94}.Debug|Any CPU.Build.0 = Debug|Any CPU
		{E36F1050-FA2B-4D96-9B84-BCD855DCAB94}.Debug|Any CPU.Deploy.0 = Debug|Any CPU
		{E36F1050-FA2B-4D96-9B84-BCD855DCAB94}.Release|Any CPU.ActiveCfg = Release|Any CPU
		{E36F1050-FA2B-4D96-9B84-BCD855DCAB94}.Release|Any CPU.Build.0 = Release|Any CPU
		{E36F1050-FA2B-4D96-9B84-BCD855DCAB94}.Release|Any CPU.Deploy.0 = Release|Any CPU
		{363BBA74-C4A7-40B8-A830-A363110CC875}.Debug|Any CPU.ActiveCfg = Debug|Any CPU
		{363BBA74-C4A7-40B8-A830-A363110CC875}.Debug|Any CPU.Build.0 = Debug|Any CPU
		{363BBA74-C4A7-40B8-A830-A363110CC875}.Release|Any CPU.ActiveCfg = Release|Any CPU
		{363BBA74-C4A7-40B8-A830-A363110CC875}.Release|Any CPU.Build.0 = Release|Any CPU
	EndGlobalSection
	GlobalSection(SolutionProperties) = preSolution
		HideSolutionNode = FALSE
	EndGlobalSection
	GlobalSection(ExtensibilityGlobals) = postSolution
		SolutionGuid = {2F498DAF-E2DB-418E-965B-3AFC84A1C991}
	EndGlobalSection
EndGlobal
